{
  "name": "examples",
  "version": "1.0.0",
  "lockfileVersion": 3,
  "requires": true,
  "packages": {
    "": {
      "name": "examples",
      "version": "1.0.0",
      "license": "ISC",
      "dependencies": {
        "@thaerious/logger": "file:.."
      }
    },
    "node_modules/@thaerious/logger": {
      "version": "0.3.1",
      "resolved": "file:..",
      "license": "MIT"
    }
  }
}
